
Microsoft Visual Studio Solution File, Format Version 12.00
# Visual Studio 15
VisualStudioVersion = 15.0.27130.2036
MinimumVisualStudioVersion = 10.0.40219.1
Project("{FAE04EC0-301F-11D3-BF4B-00C04F79EFBC}") = "Multas", "Multas\Multas.csproj", "{C4BAE4F0-B38B-431E-A1E9-F584B311A330}"
EndProject
Project("{2150E333-8FDC-42A3-9474-1A3956D46DE8}") = "API", "API", "{E305D576-98EE-4C1D-836D-2A321191D8DA}"
EndProject
Global
	GlobalSection(SolutionConfigurationPlatforms) = preSolution
		Debug|Any CPU = Debug|Any CPU
		Release|Any CPU = Release|Any CPU
	EndGlobalSection
	GlobalSection(ProjectConfigurationPlatforms) = postSolution
		{C4BAE4F0-B38B-431E-A1E9-F584B311A330}.Debug|Any CPU.ActiveCfg = Debug|Any CPU
		{C4BAE4F0-B38B-431E-A1E9-F584B311A330}.Debug|Any CPU.Build.0 = Debug|Any CPU
		{C4BAE4F0-B38B-431E-A1E9-F584B311A330}.Release|Any CPU.ActiveCfg = Release|Any CPU
		{C4BAE4F0-B38B-431E-A1E9-F584B311A330}.Release|Any CPU.Build.0 = Release|Any CPU
	EndGlobalSection
	GlobalSection(SolutionProperties) = preSolution
		HideSolutionNode = FALSE
	EndGlobalSection
	GlobalSection(ExtensibilityGlobals) = postSolution
		SolutionGuid = {CCE6B11C-F075-4EA0-BA5D-43F4D3ED275C}
	EndGlobalSection
EndGlobal
